
Microsoft Visual Studio Solution File, Format Version 12.00
# Visual Studio Version 16
VisualStudioVersion = 16.0.29123.88
MinimumVisualStudioVersion = 10.0.40219.1
Project("{8BC9CEB8-8B4A-11D0-8D11-00A0C91BC942}") = "MobileShellPlus", "MobileShellPlus\MobileShellPlus.vcxproj", "{3FC7BBB1-922F-4D87-BB5E-2D33CE2CFBC7}"
EndProject
Project("{C7167F0D-BC9F-4E6E-AFE1-012C56B48DB5}") = "MobileShellPackaging", "MobileShellPackaging\MobileShellPackaging.wapproj", "{1D0CC079-1E79-4042-8AE4-FB4DD1A6F572}"
EndProject
Project("{8BC9CEB8-8B4A-11D0-8D11-00A0C91BC942}") = "MobileShellExtension", "MobileShellExtension\MobileShellExtension.vcxproj", "{433CCDBA-47F7-4C46-9FA2-793DF7D7D83B}"
EndProject
Project("{8BC9CEB8-8B4A-11D0-8D11-00A0C91BC942}") = "MobileCoreServer", "MobileCoreServer\MobileCoreServer.vcxproj", "{614F0FB6-CD99-4F21-BAED-7536AC5D58B4}"
EndProject
Project("{FAE04EC0-301F-11D3-BF4B-00C04F79EFBC}") = "MobSDes", "MobSDes\MobSDes.csproj", "{8B91C758-C271-4483-B0F6-51FCEE9636C8}"
EndProject
Project("{8BC9CEB8-8B4A-11D0-8D11-00A0C91BC942}") = "MobileShellExtLauncher", "MobileShellExtLauncher\MobileShellExtLauncher.vcxproj", "{FE1BF701-602D-417E-B7E8-4491420B6FD2}"
	ProjectSection(ProjectDependencies) = postProject
		{433CCDBA-47F7-4C46-9FA2-793DF7D7D83B} = {433CCDBA-47F7-4C46-9FA2-793DF7D7D83B}
	EndProjectSection
EndProject
Project("{2150E333-8FDC-42A3-9474-1A3956D46DE8}") = "MobileShell Extension", "MobileShell Extension", "{293F3F53-8AF2-4BE3-9AF9-5330609F3051}"
EndProject
Project("{2150E333-8FDC-42A3-9474-1A3956D46DE8}") = "MobileShellPlus", "MobileShellPlus", "{E88774E6-CC9F-475C-AAEC-6DB443C0D13D}"
EndProject
Project("{2150E333-8FDC-42A3-9474-1A3956D46DE8}") = "MobileShell Designing", "MobileShell Designing", "{952D4F38-F80E-4064-A24F-5A3C922B8E36}"
EndProject
Project("{C7167F0D-BC9F-4E6E-AFE1-012C56B48DB5}") = "MobileShellExtPackaging", "MobileShellExtPackaging\MobileShellExtPackaging.wapproj", "{DAE20FD6-9C2C-427E-B695-A68E390AE3D9}"
	ProjectSection(ProjectDependencies) = postProject
		{433CCDBA-47F7-4C46-9FA2-793DF7D7D83B} = {433CCDBA-47F7-4C46-9FA2-793DF7D7D83B}
	EndProjectSection
EndProject
Global
	GlobalSection(SolutionConfigurationPlatforms) = preSolution
		Debug|Any CPU = Debug|Any CPU
		Debug|ARM = Debug|ARM
		Debug|ARM64 = Debug|ARM64
		Debug|x64 = Debug|x64
		Debug|x86 = Debug|x86
		Release|Any CPU = Release|Any CPU
		Release|ARM = Release|ARM
		Release|ARM64 = Release|ARM64
		Release|x64 = Release|x64
		Release|x86 = Release|x86
	EndGlobalSection
	GlobalSection(ProjectConfigurationPlatforms) = postSolution
		{3FC7BBB1-922F-4D87-BB5E-2D33CE2CFBC7}.Debug|Any CPU.ActiveCfg = Debug|Win32
		{3FC7BBB1-922F-4D87-BB5E-2D33CE2CFBC7}.Debug|ARM.ActiveCfg = Debug|ARM
		{3FC7BBB1-922F-4D87-BB5E-2D33CE2CFBC7}.Debug|ARM.Build.0 = Debug|ARM
		{3FC7BBB1-922F-4D87-BB5E-2D33CE2CFBC7}.Debug|ARM64.ActiveCfg = Debug|ARM64
		{3FC7BBB1-922F-4D87-BB5E-2D33CE2CFBC7}.Debug|ARM64.Build.0 = Debug|ARM64
		{3FC7BBB1-922F-4D87-BB5E-2D33CE2CFBC7}.Debug|ARM64.Deploy.0 = Debug|ARM64
		{3FC7BBB1-922F-4D87-BB5E-2D33CE2CFBC7}.Debug|x64.ActiveCfg = Debug|x64
		{3FC7BBB1-922F-4D87-BB5E-2D33CE2CFBC7}.Debug|x64.Build.0 = Debug|x64
		{3FC7BBB1-922F-4D87-BB5E-2D33CE2CFBC7}.Debug|x86.ActiveCfg = Debug|Win32
		{3FC7BBB1-922F-4D87-BB5E-2D33CE2CFBC7}.Debug|x86.Build.0 = Debug|Win32
		{3FC7BBB1-922F-4D87-BB5E-2D33CE2CFBC7}.Release|Any CPU.ActiveCfg = Release|Win32
		{3FC7BBB1-922F-4D87-BB5E-2D33CE2CFBC7}.Release|ARM.ActiveCfg = Release|ARM
		{3FC7BBB1-922F-4D87-BB5E-2D33CE2CFBC7}.Release|ARM.Build.0 = Release|ARM
		{3FC7BBB1-922F-4D87-BB5E-2D33CE2CFBC7}.Release|ARM64.ActiveCfg = Release|ARM64
		{3FC7BBB1-922F-4D87-BB5E-2D33CE2CFBC7}.Release|ARM64.Build.0 = Release|ARM64
		{3FC7BBB1-922F-4D87-BB5E-2D33CE2CFBC7}.Release|x64.ActiveCfg = Release|x64
		{3FC7BBB1-922F-4D87-BB5E-2D33CE2CFBC7}.Release|x64.Build.0 = Release|x64
		{3FC7BBB1-922F-4D87-BB5E-2D33CE2CFBC7}.Release|x86.ActiveCfg = Release|Win32
		{3FC7BBB1-922F-4D87-BB5E-2D33CE2CFBC7}.Release|x86.Build.0 = Release|Win32
		{1D0CC079-1E79-4042-8AE4-FB4DD1A6F572}.Debug|Any CPU.ActiveCfg = Debug|Any CPU
		{1D0CC079-1E79-4042-8AE4-FB4DD1A6F572}.Debug|Any CPU.Build.0 = Debug|Any CPU
		{1D0CC079-1E79-4042-8AE4-FB4DD1A6F572}.Debug|Any CPU.Deploy.0 = Debug|Any CPU
		{1D0CC079-1E79-4042-8AE4-FB4DD1A6F572}.Debug|ARM.ActiveCfg = Debug|ARM
		{1D0CC079-1E79-4042-8AE4-FB4DD1A6F572}.Debug|ARM.Build.0 = Debug|ARM
		{1D0CC079-1E79-4042-8AE4-FB4DD1A6F572}.Debug|ARM.Deploy.0 = Debug|ARM
		{1D0CC079-1E79-4042-8AE4-FB4DD1A6F572}.Debug|ARM64.ActiveCfg = Debug|ARM64
		{1D0CC079-1E79-4042-8AE4-FB4DD1A6F572}.Debug|ARM64.Build.0 = Debug|ARM64
		{1D0CC079-1E79-4042-8AE4-FB4DD1A6F572}.Debug|ARM64.Deploy.0 = Debug|ARM64
		{1D0CC079-1E79-4042-8AE4-FB4DD1A6F572}.Debug|x64.ActiveCfg = Debug|x64
		{1D0CC079-1E79-4042-8AE4-FB4DD1A6F572}.Debug|x64.Build.0 = Debug|x64
		{1D0CC079-1E79-4042-8AE4-FB4DD1A6F572}.Debug|x64.Deploy.0 = Debug|x64
		{1D0CC079-1E79-4042-8AE4-FB4DD1A6F572}.Debug|x86.ActiveCfg = Debug|x86
		{1D0CC079-1E79-4042-8AE4-FB4DD1A6F572}.Debug|x86.Build.0 = Debug|x86
		{1D0CC079-1E79-4042-8AE4-FB4DD1A6F572}.Debug|x86.Deploy.0 = Debug|x86
		{1D0CC079-1E79-4042-8AE4-FB4DD1A6F572}.Release|Any CPU.ActiveCfg = Release|Any CPU
		{1D0CC079-1E79-4042-8AE4-FB4DD1A6F572}.Release|Any CPU.Build.0 = Release|Any CPU
		{1D0CC079-1E79-4042-8AE4-FB4DD1A6F572}.Release|Any CPU.Deploy.0 = Release|Any CPU
		{1D0CC079-1E79-4042-8AE4-FB4DD1A6F572}.Release|ARM.ActiveCfg = Release|ARM
		{1D0CC079-1E79-4042-8AE4-FB4DD1A6F572}.Release|ARM.Build.0 = Release|ARM
		{1D0CC079-1E79-4042-8AE4-FB4DD1A6F572}.Release|ARM.Deploy.0 = Release|ARM
		{1D0CC079-1E79-4042-8AE4-FB4DD1A6F572}.Release|ARM64.ActiveCfg = Release|ARM64
		{1D0CC079-1E79-4042-8AE4-FB4DD1A6F572}.Release|ARM64.Build.0 = Release|ARM64
		{1D0CC079-1E79-4042-8AE4-FB4DD1A6F572}.Release|ARM64.Deploy.0 = Release|ARM64
		{1D0CC079-1E79-4042-8AE4-FB4DD1A6F572}.Release|x64.ActiveCfg = Release|x64
		{1D0CC079-1E79-4042-8AE4-FB4DD1A6F572}.Release|x64.Build.0 = Release|x64
		{1D0CC079-1E79-4042-8AE4-FB4DD1A6F572}.Release|x64.Deploy.0 = Release|x64
		{1D0CC079-1E79-4042-8AE4-FB4DD1A6F572}.Release|x86.ActiveCfg = Release|x86
		{1D0CC079-1E79-4042-8AE4-FB4DD1A6F572}.Release|x86.Build.0 = Release|x86
		{1D0CC079-1E79-4042-8AE4-FB4DD1A6F572}.Release|x86.Deploy.0 = Release|x86
		{433CCDBA-47F7-4C46-9FA2-793DF7D7D83B}.Debug|Any CPU.ActiveCfg = Debug|Win32
		{433CCDBA-47F7-4C46-9FA2-793DF7D7D83B}.Debug|ARM.ActiveCfg = Debug|Win32
		{433CCDBA-47F7-4C46-9FA2-793DF7D7D83B}.Debug|ARM64.ActiveCfg = Debug|Win32
		{433CCDBA-47F7-4C46-9FA2-793DF7D7D83B}.Debug|x64.ActiveCfg = Debug|x64
		{433CCDBA-47F7-4C46-9FA2-793DF7D7D83B}.Debug|x64.Build.0 = Debug|x64
		{433CCDBA-47F7-4C46-9FA2-793DF7D7D83B}.Debug|x86.ActiveCfg = Debug|Win32
		{433CCDBA-47F7-4C46-9FA2-793DF7D7D83B}.Debug|x86.Build.0 = Debug|Win32
		{433CCDBA-47F7-4C46-9FA2-793DF7D7D83B}.Release|Any CPU.ActiveCfg = Release|Win32
		{433CCDBA-47F7-4C46-9FA2-793DF7D7D83B}.Release|ARM.ActiveCfg = Release|Win32
		{433CCDBA-47F7-4C46-9FA2-793DF7D7D83B}.Release|ARM64.ActiveCfg = Release|Win32
		{433CCDBA-47F7-4C46-9FA2-793DF7D7D83B}.Release|x64.ActiveCfg = Release|x64
		{433CCDBA-47F7-4C46-9FA2-793DF7D7D83B}.Release|x64.Build.0 = Release|x64
		{433CCDBA-47F7-4C46-9FA2-793DF7D7D83B}.Release|x86.ActiveCfg = Release|Win32
		{433CCDBA-47F7-4C46-9FA2-793DF7D7D83B}.Release|x86.Build.0 = Release|Win32
		{614F0FB6-CD99-4F21-BAED-7536AC5D58B4}.Debug|Any CPU.ActiveCfg = Debug|Win32
		{614F0FB6-CD99-4F21-BAED-7536AC5D58B4}.Debug|ARM.ActiveCfg = Debug|ARM
		{614F0FB6-CD99-4F21-BAED-7536AC5D58B4}.Debug|ARM.Build.0 = Debug|ARM
		{614F0FB6-CD99-4F21-BAED-7536AC5D58B4}.Debug|ARM64.ActiveCfg = Debug|Win32
		{614F0FB6-CD99-4F21-BAED-7536AC5D58B4}.Debug|x64.ActiveCfg = Debug|x64
		{614F0FB6-CD99-4F21-BAED-7536AC5D58B4}.Debug|x64.Build.0 = Debug|x64
		{614F0FB6-CD99-4F21-BAED-7536AC5D58B4}.Debug|x86.ActiveCfg = Debug|Win32
		{614F0FB6-CD99-4F21-BAED-7536AC5D58B4}.Debug|x86.Build.0 = Debug|Win32
		{614F0FB6-CD99-4F21-BAED-7536AC5D58B4}.Release|Any CPU.ActiveCfg = Release|Win32
		{614F0FB6-CD99-4F21-BAED-7536AC5D58B4}.Release|ARM.ActiveCfg = Release|ARM
		{614F0FB6-CD99-4F21-BAED-7536AC5D58B4}.Release|ARM.Build.0 = Release|ARM
		{614F0FB6-CD99-4F21-BAED-7536AC5D58B4}.Release|ARM64.ActiveCfg = Release|Win32
		{614F0FB6-CD99-4F21-BAED-7536AC5D58B4}.Release|x64.ActiveCfg = Release|x64
		{614F0FB6-CD99-4F21-BAED-7536AC5D58B4}.Release|x64.Build.0 = Release|x64
		{614F0FB6-CD99-4F21-BAED-7536AC5D58B4}.Release|x86.ActiveCfg = Release|Win32
		{614F0FB6-CD99-4F21-BAED-7536AC5D58B4}.Release|x86.Build.0 = Release|Win32
		{8B91C758-C271-4483-B0F6-51FCEE9636C8}.Debug|Any CPU.ActiveCfg = Debug|x86
		{8B91C758-C271-4483-B0F6-51FCEE9636C8}.Debug|ARM.ActiveCfg = Debug|ARM
		{8B91C758-C271-4483-B0F6-51FCEE9636C8}.Debug|ARM.Build.0 = Debug|ARM
		{8B91C758-C271-4483-B0F6-51FCEE9636C8}.Debug|ARM.Deploy.0 = Debug|ARM
		{8B91C758-C271-4483-B0F6-51FCEE9636C8}.Debug|ARM64.ActiveCfg = Debug|ARM64
		{8B91C758-C271-4483-B0F6-51FCEE9636C8}.Debug|ARM64.Build.0 = Debug|ARM64
		{8B91C758-C271-4483-B0F6-51FCEE9636C8}.Debug|ARM64.Deploy.0 = Debug|ARM64
		{8B91C758-C271-4483-B0F6-51FCEE9636C8}.Debug|x64.ActiveCfg = Debug|x64
		{8B91C758-C271-4483-B0F6-51FCEE9636C8}.Debug|x64.Build.0 = Debug|x64
		{8B91C758-C271-4483-B0F6-51FCEE9636C8}.Debug|x64.Deploy.0 = Debug|x64
		{8B91C758-C271-4483-B0F6-51FCEE9636C8}.Debug|x86.ActiveCfg = Debug|x86
		{8B91C758-C271-4483-B0F6-51FCEE9636C8}.Debug|x86.Build.0 = Debug|x86
		{8B91C758-C271-4483-B0F6-51FCEE9636C8}.Debug|x86.Deploy.0 = Debug|x86
		{8B91C758-C271-4483-B0F6-51FCEE9636C8}.Release|Any CPU.ActiveCfg = Release|x86
		{8B91C758-C271-4483-B0F6-51FCEE9636C8}.Release|ARM.ActiveCfg = Release|ARM
		{8B91C758-C271-4483-B0F6-51FCEE9636C8}.Release|ARM.Build.0 = Release|ARM
		{8B91C758-C271-4483-B0F6-51FCEE9636C8}.Release|ARM.Deploy.0 = Release|ARM
		{8B91C758-C271-4483-B0F6-51FCEE9636C8}.Release|ARM64.ActiveCfg = Release|ARM64
		{8B91C758-C271-4483-B0F6-51FCEE9636C8}.Release|ARM64.Build.0 = Release|ARM64
		{8B91C758-C271-4483-B0F6-51FCEE9636C8}.Release|ARM64.Deploy.0 = Release|ARM64
		{8B91C758-C271-4483-B0F6-51FCEE9636C8}.Release|x64.ActiveCfg = Release|x64
		{8B91C758-C271-4483-B0F6-51FCEE9636C8}.Release|x64.Build.0 = Release|x64
		{8B91C758-C271-4483-B0F6-51FCEE9636C8}.Release|x64.Deploy.0 = Release|x64
		{8B91C758-C271-4483-B0F6-51FCEE9636C8}.Release|x86.ActiveCfg = Release|x86
		{8B91C758-C271-4483-B0F6-51FCEE9636C8}.Release|x86.Build.0 = Release|x86
		{8B91C758-C271-4483-B0F6-51FCEE9636C8}.Release|x86.Deploy.0 = Release|x86
		{FE1BF701-602D-417E-B7E8-4491420B6FD2}.Debug|Any CPU.ActiveCfg = Debug|Win32
		{FE1BF701-602D-417E-B7E8-4491420B6FD2}.Debug|ARM.ActiveCfg = Debug|Win32
		{FE1BF701-602D-417E-B7E8-4491420B6FD2}.Debug|ARM64.ActiveCfg = Debug|Win32
		{FE1BF701-602D-417E-B7E8-4491420B6FD2}.Debug|x64.ActiveCfg = Debug|x64
		{FE1BF701-602D-417E-B7E8-4491420B6FD2}.Debug|x64.Build.0 = Debug|x64
		{FE1BF701-602D-417E-B7E8-4491420B6FD2}.Debug|x86.ActiveCfg = Debug|Win32
		{FE1BF701-602D-417E-B7E8-4491420B6FD2}.Debug|x86.Build.0 = Debug|Win32
		{FE1BF701-602D-417E-B7E8-4491420B6FD2}.Release|Any CPU.ActiveCfg = Release|Win32
		{FE1BF701-602D-417E-B7E8-4491420B6FD2}.Release|ARM.ActiveCfg = Release|Win32
		{FE1BF701-602D-417E-B7E8-4491420B6FD2}.Release|ARM64.ActiveCfg = Release|Win32
		{FE1BF701-602D-417E-B7E8-4491420B6FD2}.Release|x64.ActiveCfg = Release|x64
		{FE1BF701-602D-417E-B7E8-4491420B6FD2}.Release|x64.Build.0 = Release|x64
		{FE1BF701-602D-417E-B7E8-4491420B6FD2}.Release|x86.ActiveCfg = Release|Win32
		{FE1BF701-602D-417E-B7E8-4491420B6FD2}.Release|x86.Build.0 = Release|Win32
		{DAE20FD6-9C2C-427E-B695-A68E390AE3D9}.Debug|Any CPU.ActiveCfg = Debug|Any CPU
		{DAE20FD6-9C2C-427E-B695-A68E390AE3D9}.Debug|Any CPU.Build.0 = Debug|Any CPU
		{DAE20FD6-9C2C-427E-B695-A68E390AE3D9}.Debug|Any CPU.Deploy.0 = Debug|Any CPU
		{DAE20FD6-9C2C-427E-B695-A68E390AE3D9}.Debug|ARM.ActiveCfg = Debug|ARM
		{DAE20FD6-9C2C-427E-B695-A68E390AE3D9}.Debug|ARM.Build.0 = Debug|ARM
		{DAE20FD6-9C2C-427E-B695-A68E390AE3D9}.Debug|ARM.Deploy.0 = Debug|ARM
		{DAE20FD6-9C2C-427E-B695-A68E390AE3D9}.Debug|ARM64.ActiveCfg = Debug|ARM64
		{DAE20FD6-9C2C-427E-B695-A68E390AE3D9}.Debug|ARM64.Build.0 = Debug|ARM64
		{DAE20FD6-9C2C-427E-B695-A68E390AE3D9}.Debug|ARM64.Deploy.0 = Debug|ARM64
		{DAE20FD6-9C2C-427E-B695-A68E390AE3D9}.Debug|x64.ActiveCfg = Debug|x64
		{DAE20FD6-9C2C-427E-B695-A68E390AE3D9}.Debug|x64.Build.0 = Debug|x64
		{DAE20FD6-9C2C-427E-B695-A68E390AE3D9}.Debug|x64.Deploy.0 = Debug|x64
		{DAE20FD6-9C2C-427E-B695-A68E390AE3D9}.Debug|x86.ActiveCfg = Debug|x86
		{DAE20FD6-9C2C-427E-B695-A68E390AE3D9}.Debug|x86.Build.0 = Debug|x86
		{DAE20FD6-9C2C-427E-B695-A68E390AE3D9}.Debug|x86.Deploy.0 = Debug|x86
		{DAE20FD6-9C2C-427E-B695-A68E390AE3D9}.Release|Any CPU.ActiveCfg = Release|Any CPU
		{DAE20FD6-9C2C-427E-B695-A68E390AE3D9}.Release|Any CPU.Build.0 = Release|Any CPU
		{DAE20FD6-9C2C-427E-B695-A68E390AE3D9}.Release|Any CPU.Deploy.0 = Release|Any CPU
		{DAE20FD6-9C2C-427E-B695-A68E390AE3D9}.Release|ARM.ActiveCfg = Release|ARM
		{DAE20FD6-9C2C-427E-B695-A68E390AE3D9}.Release|ARM.Build.0 = Release|ARM
		{DAE20FD6-9C2C-427E-B695-A68E390AE3D9}.Release|ARM.Deploy.0 = Release|ARM
		{DAE20FD6-9C2C-427E-B695-A68E390AE3D9}.Release|ARM64.ActiveCfg = Release|ARM64
		{DAE20FD6-9C2C-427E-B695-A68E390AE3D9}.Release|ARM64.Build.0 = Release|ARM64
		{DAE20FD6-9C2C-427E-B695-A68E390AE3D9}.Release|ARM64.Deploy.0 = Release|ARM64
		{DAE20FD6-9C2C-427E-B695-A68E390AE3D9}.Release|x64.ActiveCfg = Release|x64
		{DAE20FD6-9C2C-427E-B695-A68E390AE3D9}.Release|x64.Build.0 = Release|x64
		{DAE20FD6-9C2C-427E-B695-A68E390AE3D9}.Release|x64.Deploy.0 = Release|x64
		{DAE20FD6-9C2C-427E-B695-A68E390AE3D9}.Release|x86.ActiveCfg = Release|x86
		{DAE20FD6-9C2C-427E-B695-A68E390AE3D9}.Release|x86.Build.0 = Release|x86
		{DAE20FD6-9C2C-427E-B695-A68E390AE3D9}.Release|x86.Deploy.0 = Release|x86
	EndGlobalSection
	GlobalSection(SolutionProperties) = preSolution
		HideSolutionNode = FALSE
	EndGlobalSection
	GlobalSection(NestedProjects) = preSolution
		{3FC7BBB1-922F-4D87-BB5E-2D33CE2CFBC7} = {E88774E6-CC9F-475C-AAEC-6DB443C0D13D}
		{1D0CC079-1E79-4042-8AE4-FB4DD1A6F572} = {E88774E6-CC9F-475C-AAEC-6DB443C0D13D}
		{433CCDBA-47F7-4C46-9FA2-793DF7D7D83B} = {293F3F53-8AF2-4BE3-9AF9-5330609F3051}
		{8B91C758-C271-4483-B0F6-51FCEE9636C8} = {952D4F38-F80E-4064-A24F-5A3C922B8E36}
		{FE1BF701-602D-417E-B7E8-4491420B6FD2} = {293F3F53-8AF2-4BE3-9AF9-5330609F3051}
		{DAE20FD6-9C2C-427E-B695-A68E390AE3D9} = {293F3F53-8AF2-4BE3-9AF9-5330609F3051}
	EndGlobalSection
	GlobalSection(ExtensibilityGlobals) = postSolution
		SolutionGuid = {C010CDFE-2844-4EF5-B3DD-6237E87E5985}
	EndGlobalSection
EndGlobal
